
Microsoft Visual Studio Solution File, Format Version 12.00
# Visual Studio 15
VisualStudioVersion = 15.0.27004.2008
MinimumVisualStudioVersion = 10.0.40219.1
Project("{FAE04EC0-301F-11D3-BF4B-00C04F79EFBC}") = "GolfCard.MVC", "GolfCard.MVC\GolfCard.MVC.csproj", "{C9F0DD43-C187-4934-A8B4-11B223F5D4F6}"
EndProject
Project("{FAE04EC0-301F-11D3-BF4B-00C04F79EFBC}") = "GolfCard.SqlClient", "GolfCard.SqlClient\GolfCard.SqlClient.csproj", "{0E27B0BD-E8DF-400B-95A8-545B56DF25DF}"
EndProject
Project("{FAE04EC0-301F-11D3-BF4B-00C04F79EFBC}") = "GolfCard.Core", "GolfCard.Core\GolfCard.Core.csproj", "{B5F6886C-6C17-458F-839D-0990FC950F9A}"
EndProject
Global
	GlobalSection(SolutionConfigurationPlatforms) = preSolution
		Debug|Any CPU = Debug|Any CPU
		Release|Any CPU = Release|Any CPU
	EndGlobalSection
	GlobalSection(ProjectConfigurationPlatforms) = postSolution
		{C9F0DD43-C187-4934-A8B4-11B223F5D4F6}.Debug|Any CPU.ActiveCfg = Debug|Any CPU
		{C9F0DD43-C187-4934-A8B4-11B223F5D4F6}.Debug|Any CPU.Build.0 = Debug|Any CPU
		{C9F0DD43-C187-4934-A8B4-11B223F5D4F6}.Release|Any CPU.ActiveCfg = Release|Any CPU
		{C9F0DD43-C187-4934-A8B4-11B223F5D4F6}.Release|Any CPU.Build.0 = Release|Any CPU
		{0E27B0BD-E8DF-400B-95A8-545B56DF25DF}.Debug|Any CPU.ActiveCfg = Debug|Any CPU
		{0E27B0BD-E8DF-400B-95A8-545B56DF25DF}.Debug|Any CPU.Build.0 = Debug|Any CPU
		{0E27B0BD-E8DF-400B-95A8-545B56DF25DF}.Release|Any CPU.ActiveCfg = Release|Any CPU
		{0E27B0BD-E8DF-400B-95A8-545B56DF25DF}.Release|Any CPU.Build.0 = Release|Any CPU
		{B5F6886C-6C17-458F-839D-0990FC950F9A}.Debug|Any CPU.ActiveCfg = Debug|Any CPU
		{B5F6886C-6C17-458F-839D-0990FC950F9A}.Debug|Any CPU.Build.0 = Debug|Any CPU
		{B5F6886C-6C17-458F-839D-0990FC950F9A}.Release|Any CPU.ActiveCfg = Release|Any CPU
		{B5F6886C-6C17-458F-839D-0990FC950F9A}.Release|Any CPU.Build.0 = Release|Any CPU
	EndGlobalSection
	GlobalSection(SolutionProperties) = preSolution
		HideSolutionNode = FALSE
	EndGlobalSection
	GlobalSection(ExtensibilityGlobals) = postSolution
		SolutionGuid = {833A060A-F37A-43FF-8593-386B279B9A41}
	EndGlobalSection
EndGlobal
